
Microsoft Visual Studio Solution File, Format Version 12.00
# Visual Studio Version 16
VisualStudioVersion = 16.0.31515.178
MinimumVisualStudioVersion = 10.0.40219.1
Project("{FAE04EC0-301F-11D3-BF4B-00C04F79EFBC}") = "ClassSubmissionAssignment", "ClassSubmissionAssignment\ClassSubmissionAssignment.csproj", "{0511B978-F12C-4770-BB53-268E0A392914}"
EndProject
Global
	GlobalSection(SolutionConfigurationPlatforms) = preSolution
		Debug|Any CPU = Debug|Any CPU
		Release|Any CPU = Release|Any CPU
	EndGlobalSection
	GlobalSection(ProjectConfigurationPlatforms) = postSolution
		{0511B978-F12C-4770-BB53-268E0A392914}.Debug|Any CPU.ActiveCfg = Debug|Any CPU
		{0511B978-F12C-4770-BB53-268E0A392914}.Debug|Any CPU.Build.0 = Debug|Any CPU
		{0511B978-F12C-4770-BB53-268E0A392914}.Release|Any CPU.ActiveCfg = Release|Any CPU
		{0511B978-F12C-4770-BB53-268E0A392914}.Release|Any CPU.Build.0 = Release|Any CPU
	EndGlobalSection
	GlobalSection(SolutionProperties) = preSolution
		HideSolutionNode = FALSE
	EndGlobalSection
	GlobalSection(ExtensibilityGlobals) = postSolution
		SolutionGuid = {C6B5FAEE-DE18-4404-AA6B-4ABB4259F400}
	EndGlobalSection
EndGlobal
