
Microsoft Visual Studio Solution File, Format Version 12.00
# Visual Studio Version 16
VisualStudioVersion = 16.0.31515.178
MinimumVisualStudioVersion = 10.0.40219.1
Project("{FAE04EC0-301F-11D3-BF4B-00C04F79EFBC}") = "AcmeAccounting", "AcmeAccounting\AcmeAccounting.csproj", "{3FFB2D1A-864D-4347-BDE1-A1986B8C468B}"
EndProject
Global
	GlobalSection(SolutionConfigurationPlatforms) = preSolution
		Debug|Any CPU = Debug|Any CPU
		Release|Any CPU = Release|Any CPU
	EndGlobalSection
	GlobalSection(ProjectConfigurationPlatforms) = postSolution
		{3FFB2D1A-864D-4347-BDE1-A1986B8C468B}.Debug|Any CPU.ActiveCfg = Debug|Any CPU
		{3FFB2D1A-864D-4347-BDE1-A1986B8C468B}.Debug|Any CPU.Build.0 = Debug|Any CPU
		{3FFB2D1A-864D-4347-BDE1-A1986B8C468B}.Release|Any CPU.ActiveCfg = Release|Any CPU
		{3FFB2D1A-864D-4347-BDE1-A1986B8C468B}.Release|Any CPU.Build.0 = Release|Any CPU
	EndGlobalSection
	GlobalSection(SolutionProperties) = preSolution
		HideSolutionNode = FALSE
	EndGlobalSection
	GlobalSection(ExtensibilityGlobals) = postSolution
		SolutionGuid = {E3306394-82BF-4F95-BC02-3C0149F343D6}
	EndGlobalSection
EndGlobal
