
Microsoft Visual Studio Solution File, Format Version 12.00
# Visual Studio Version 16
VisualStudioVersion = 16.0.31515.178
MinimumVisualStudioVersion = 10.0.40219.1
Project("{FAE04EC0-301F-11D3-BF4B-00C04F79EFBC}") = "NewsletterAppMVC", "NewsletterAppMVC.csproj", "{DC07EF28-BE62-43EE-BA00-F5795A7D1C08}"
EndProject
Global
	GlobalSection(SolutionConfigurationPlatforms) = preSolution
		Debug|Any CPU = Debug|Any CPU
		Release|Any CPU = Release|Any CPU
	EndGlobalSection
	GlobalSection(ProjectConfigurationPlatforms) = postSolution
		{DC07EF28-BE62-43EE-BA00-F5795A7D1C08}.Debug|Any CPU.ActiveCfg = Debug|Any CPU
		{DC07EF28-BE62-43EE-BA00-F5795A7D1C08}.Debug|Any CPU.Build.0 = Debug|Any CPU
		{DC07EF28-BE62-43EE-BA00-F5795A7D1C08}.Release|Any CPU.ActiveCfg = Release|Any CPU
		{DC07EF28-BE62-43EE-BA00-F5795A7D1C08}.Release|Any CPU.Build.0 = Release|Any CPU
	EndGlobalSection
	GlobalSection(SolutionProperties) = preSolution
		HideSolutionNode = FALSE
	EndGlobalSection
	GlobalSection(ExtensibilityGlobals) = postSolution
		SolutionGuid = {892A3EE7-E53B-472F-B990-5A8BF38DA07E}
	EndGlobalSection
EndGlobal
