
Microsoft Visual Studio Solution File, Format Version 12.00
# Visual Studio Version 16
VisualStudioVersion = 16.0.31515.178
MinimumVisualStudioVersion = 10.0.40219.1
Project("{FAE04EC0-301F-11D3-BF4B-00C04F79EFBC}") = "InsuranceApprovalApp", "InsuranceApprovalApp\InsuranceApprovalApp.csproj", "{D26D851F-FC63-4D3F-9A77-AB8FADBF8466}"
EndProject
Global
	GlobalSection(SolutionConfigurationPlatforms) = preSolution
		Debug|Any CPU = Debug|Any CPU
		Release|Any CPU = Release|Any CPU
	EndGlobalSection
	GlobalSection(ProjectConfigurationPlatforms) = postSolution
		{D26D851F-FC63-4D3F-9A77-AB8FADBF8466}.Debug|Any CPU.ActiveCfg = Debug|Any CPU
		{D26D851F-FC63-4D3F-9A77-AB8FADBF8466}.Debug|Any CPU.Build.0 = Debug|Any CPU
		{D26D851F-FC63-4D3F-9A77-AB8FADBF8466}.Release|Any CPU.ActiveCfg = Release|Any CPU
		{D26D851F-FC63-4D3F-9A77-AB8FADBF8466}.Release|Any CPU.Build.0 = Release|Any CPU
	EndGlobalSection
	GlobalSection(SolutionProperties) = preSolution
		HideSolutionNode = FALSE
	EndGlobalSection
	GlobalSection(ExtensibilityGlobals) = postSolution
		SolutionGuid = {FC0F474C-9A46-4413-85D5-7975E53A535B}
	EndGlobalSection
EndGlobal
