
Microsoft Visual Studio Solution File, Format Version 12.00
# Visual Studio Version 16
VisualStudioVersion = 16.0.31515.178
MinimumVisualStudioVersion = 10.0.40219.1
Project("{FAE04EC0-301F-11D3-BF4B-00C04F79EFBC}") = "DateTimeAssignment", "DateTimeAssignment.csproj", "{A47DA781-FB6D-4345-82E1-32A6C66C504C}"
EndProject
Global
	GlobalSection(SolutionConfigurationPlatforms) = preSolution
		Debug|Any CPU = Debug|Any CPU
		Release|Any CPU = Release|Any CPU
	EndGlobalSection
	GlobalSection(ProjectConfigurationPlatforms) = postSolution
		{A47DA781-FB6D-4345-82E1-32A6C66C504C}.Debug|Any CPU.ActiveCfg = Debug|Any CPU
		{A47DA781-FB6D-4345-82E1-32A6C66C504C}.Debug|Any CPU.Build.0 = Debug|Any CPU
		{A47DA781-FB6D-4345-82E1-32A6C66C504C}.Release|Any CPU.ActiveCfg = Release|Any CPU
		{A47DA781-FB6D-4345-82E1-32A6C66C504C}.Release|Any CPU.Build.0 = Release|Any CPU
	EndGlobalSection
	GlobalSection(SolutionProperties) = preSolution
		HideSolutionNode = FALSE
	EndGlobalSection
	GlobalSection(ExtensibilityGlobals) = postSolution
		SolutionGuid = {1138AF64-68DF-429B-B13A-FD3D72D8B3A2}
	EndGlobalSection
EndGlobal
