
Microsoft Visual Studio Solution File, Format Version 12.00
# Visual Studio Version 16
VisualStudioVersion = 16.0.31515.178
MinimumVisualStudioVersion = 10.0.40219.1
Project("{FAE04EC0-301F-11D3-BF4B-00C04F79EFBC}") = "MainMethodApp", "MainMethodApp\MainMethodApp.csproj", "{CF117819-B41C-4CA6-80D1-00B5A672296B}"
EndProject
Global
	GlobalSection(SolutionConfigurationPlatforms) = preSolution
		Debug|Any CPU = Debug|Any CPU
		Release|Any CPU = Release|Any CPU
	EndGlobalSection
	GlobalSection(ProjectConfigurationPlatforms) = postSolution
		{CF117819-B41C-4CA6-80D1-00B5A672296B}.Debug|Any CPU.ActiveCfg = Debug|Any CPU
		{CF117819-B41C-4CA6-80D1-00B5A672296B}.Debug|Any CPU.Build.0 = Debug|Any CPU
		{CF117819-B41C-4CA6-80D1-00B5A672296B}.Release|Any CPU.ActiveCfg = Release|Any CPU
		{CF117819-B41C-4CA6-80D1-00B5A672296B}.Release|Any CPU.Build.0 = Release|Any CPU
	EndGlobalSection
	GlobalSection(SolutionProperties) = preSolution
		HideSolutionNode = FALSE
	EndGlobalSection
	GlobalSection(ExtensibilityGlobals) = postSolution
		SolutionGuid = {7B912698-8342-4ACD-9235-51F122370260}
	EndGlobalSection
EndGlobal
